
Microsoft Visual Studio Solution File, Format Version 12.00
# Visual Studio Version 17
VisualStudioVersion = 17.5.002.0
MinimumVisualStudioVersion = 10.0.40219.1
Project("{9A19103F-16F7-4668-BE54-9A1E7A4F7556}") = "day2", "day2.csproj", "{68EC95A0-E646-4419-BFA2-52EC691AFC08}"
EndProject
Global
	GlobalSection(SolutionConfigurationPlatforms) = preSolution
		Debug|Any CPU = Debug|Any CPU
		Release|Any CPU = Release|Any CPU
	EndGlobalSection
	GlobalSection(ProjectConfigurationPlatforms) = postSolution
		{68EC95A0-E646-4419-BFA2-52EC691AFC08}.Debug|Any CPU.ActiveCfg = Debug|Any CPU
		{68EC95A0-E646-4419-BFA2-52EC691AFC08}.Debug|Any CPU.Build.0 = Debug|Any CPU
		{68EC95A0-E646-4419-BFA2-52EC691AFC08}.Release|Any CPU.ActiveCfg = Release|Any CPU
		{68EC95A0-E646-4419-BFA2-52EC691AFC08}.Release|Any CPU.Build.0 = Release|Any CPU
	EndGlobalSection
	GlobalSection(SolutionProperties) = preSolution
		HideSolutionNode = FALSE
	EndGlobalSection
	GlobalSection(ExtensibilityGlobals) = postSolution
		SolutionGuid = {9371A05A-E3BB-40C5-8013-3706FBFC1020}
	EndGlobalSection
EndGlobal
